
Microsoft Visual Studio Solution File, Format Version 12.00
# Visual Studio Version 17
VisualStudioVersion = 17.5.002.0
MinimumVisualStudioVersion = 10.0.40219.1
Project("{9A19103F-16F7-4668-BE54-9A1E7A4F7556}") = "mean-as-game", "mean-as-game.csproj", "{C597ECCD-20C8-4587-9077-7D1F453EBD73}"
EndProject
Global
	GlobalSection(SolutionConfigurationPlatforms) = preSolution
		Debug|Any CPU = Debug|Any CPU
		Release|Any CPU = Release|Any CPU
	EndGlobalSection
	GlobalSection(ProjectConfigurationPlatforms) = postSolution
		{C597ECCD-20C8-4587-9077-7D1F453EBD73}.Debug|Any CPU.ActiveCfg = Debug|Any CPU
		{C597ECCD-20C8-4587-9077-7D1F453EBD73}.Debug|Any CPU.Build.0 = Debug|Any CPU
		{C597ECCD-20C8-4587-9077-7D1F453EBD73}.Release|Any CPU.ActiveCfg = Release|Any CPU
		{C597ECCD-20C8-4587-9077-7D1F453EBD73}.Release|Any CPU.Build.0 = Release|Any CPU
	EndGlobalSection
	GlobalSection(SolutionProperties) = preSolution
		HideSolutionNode = FALSE
	EndGlobalSection
	GlobalSection(ExtensibilityGlobals) = postSolution
		SolutionGuid = {4D3A95A6-3981-4564-8AF3-012FF831533D}
	EndGlobalSection
EndGlobal
